
Microsoft Visual Studio Solution File, Format Version 12.00
# Visual Studio Version 16
VisualStudioVersion = 16.0.32228.343
MinimumVisualStudioVersion = 10.0.40219.1
Project("{FAE04EC0-301F-11D3-BF4B-00C04F79EFBC}") = "eTickets", "eTickets\eTickets.csproj", "{D3BCE141-C503-4CE8-96FA-A9685177BBF7}"
EndProject
Global
	GlobalSection(SolutionConfigurationPlatforms) = preSolution
		Debug|Any CPU = Debug|Any CPU
		Release|Any CPU = Release|Any CPU
	EndGlobalSection
	GlobalSection(ProjectConfigurationPlatforms) = postSolution
		{D3BCE141-C503-4CE8-96FA-A9685177BBF7}.Debug|Any CPU.ActiveCfg = Debug|Any CPU
		{D3BCE141-C503-4CE8-96FA-A9685177BBF7}.Debug|Any CPU.Build.0 = Debug|Any CPU
		{D3BCE141-C503-4CE8-96FA-A9685177BBF7}.Release|Any CPU.ActiveCfg = Release|Any CPU
		{D3BCE141-C503-4CE8-96FA-A9685177BBF7}.Release|Any CPU.Build.0 = Release|Any CPU
	EndGlobalSection
	GlobalSection(SolutionProperties) = preSolution
		HideSolutionNode = FALSE
	EndGlobalSection
	GlobalSection(ExtensibilityGlobals) = postSolution
		SolutionGuid = {F736A175-74A3-43FA-AC30-B12C27F08E4C}
	EndGlobalSection
EndGlobal
